// !$*UTF8*$!
{
	archiveVersion = 1;
	classes = {
	};
	objectVersion = 56;
	objects = {

/* Begin PBXBuildFile section */
		F45F3A582AB5BDEA00EB8AFA /* PresentEnum.swift in Sources */ = {isa = PBXBuildFile; fileRef = F45F3A572AB5BDEA00EB8AFA /* PresentEnum.swift */; };
		F4CAA6A32AB37DA200739474 /* AppDelegate.swift in Sources */ = {isa = PBXBuildFile; fileRef = F4CAA6A22AB37DA200739474 /* AppDelegate.swift */; };
		F4CAA6A52AB37DA200739474 /* SceneDelegate.swift in Sources */ = {isa = PBXBuildFile; fileRef = F4CAA6A42AB37DA200739474 /* SceneDelegate.swift */; };
		F4CAA6A72AB37DA200739474 /* SearchViewController.swift in Sources */ = {isa = PBXBuildFile; fileRef = F4CAA6A62AB37DA200739474 /* SearchViewController.swift */; };
		F4CAA6AC2AB37DA200739474 /* Assets.xcassets in Resources */ = {isa = PBXBuildFile; fileRef = F4CAA6AB2AB37DA200739474 /* Assets.xcassets */; };
		F4CAA6AF2AB37DA200739474 /* LaunchScreen.storyboard in Resources */ = {isa = PBXBuildFile; fileRef = F4CAA6AD2AB37DA200739474 /* LaunchScreen.storyboard */; };
		F4CAA6B82AB37DD300739474 /* SnapKit in Frameworks */ = {isa = PBXBuildFile; productRef = F4CAA6B72AB37DD300739474 /* SnapKit */; };
		F4CAA6BB2AB37DDA00739474 /* Alamofire in Frameworks */ = {isa = PBXBuildFile; productRef = F4CAA6BA2AB37DDA00739474 /* Alamofire */; };
		F4CAA6BE2AB37E0800739474 /* Realm in Frameworks */ = {isa = PBXBuildFile; productRef = F4CAA6BD2AB37E0800739474 /* Realm */; };
		F4CAA6C02AB37E0800739474 /* RealmSwift in Frameworks */ = {isa = PBXBuildFile; productRef = F4CAA6BF2AB37E0800739474 /* RealmSwift */; };
		F4CAA6C22AB37E8C00739474 /* .gitignore in Resources */ = {isa = PBXBuildFile; fileRef = F4CAA6C12AB37E8C00739474 /* .gitignore */; };
		F4CAA6C42AB37EA600739474 /* APIKey.swift in Sources */ = {isa = PBXBuildFile; fileRef = F4CAA6C32AB37EA600739474 /* APIKey.swift */; };
		F4CAA6C92AB37EF400739474 /* BaseViewController.swift in Sources */ = {isa = PBXBuildFile; fileRef = F4CAA6C82AB37EF400739474 /* BaseViewController.swift */; };
		F4CAA6CC2AB37F6700739474 /* BaseView.swift in Sources */ = {isa = PBXBuildFile; fileRef = F4CAA6CB2AB37F6700739474 /* BaseView.swift */; };
		F4CAA6CE2AB37FA600739474 /* ButtonsView.swift in Sources */ = {isa = PBXBuildFile; fileRef = F4CAA6CD2AB37FA600739474 /* ButtonsView.swift */; };
		F4CAA6D02AB37FE200739474 /* SortButton.swift in Sources */ = {isa = PBXBuildFile; fileRef = F4CAA6CF2AB37FE200739474 /* SortButton.swift */; };
		F4CAA6D22AB3806400739474 /* DisplayItemCollectionViewCell.swift in Sources */ = {isa = PBXBuildFile; fileRef = F4CAA6D12AB3806400739474 /* DisplayItemCollectionViewCell.swift */; };
		F4CAA6D42AB380E100739474 /* LikeViewController.swift in Sources */ = {isa = PBXBuildFile; fileRef = F4CAA6D32AB380E100739474 /* LikeViewController.swift */; };
		F4CAA6D82AB381AA00739474 /* SortEnum.swift in Sources */ = {isa = PBXBuildFile; fileRef = F4CAA6D72AB381AA00739474 /* SortEnum.swift */; };
		F4CAA6DA2AB382B700739474 /* NetworkManager.swift in Sources */ = {isa = PBXBuildFile; fileRef = F4CAA6D92AB382B700739474 /* NetworkManager.swift */; };
		F4CAA6DC2AB382FB00739474 /* ItemListCodable.swift in Sources */ = {isa = PBXBuildFile; fileRef = F4CAA6DB2AB382FB00739474 /* ItemListCodable.swift */; };
		F4CAA6DE2AB3843E00739474 /* htmlEscape+Extension.swift in Sources */ = {isa = PBXBuildFile; fileRef = F4CAA6DD2AB3843E00739474 /* htmlEscape+Extension.swift */; };
		F4CAA6E02AB3867700739474 /* DetailViewController.swift in Sources */ = {isa = PBXBuildFile; fileRef = F4CAA6DF2AB3867700739474 /* DetailViewController.swift */; };
		F4CAA6E32AB3893100739474 /* LikedItem.swift in Sources */ = {isa = PBXBuildFile; fileRef = F4CAA6E22AB3893100739474 /* LikedItem.swift */; };
		F4CAA6E52AB38AC100739474 /* FileManager+Extension.swift in Sources */ = {isa = PBXBuildFile; fileRef = F4CAA6E42AB38AC100739474 /* FileManager+Extension.swift */; };
/* End PBXBuildFile section */

/* Begin PBXFileReference section */
		F45F3A572AB5BDEA00EB8AFA /* PresentEnum.swift */ = {isa = PBXFileReference; lastKnownFileType = sourcecode.swift; path = PresentEnum.swift; sourceTree = "<group>"; };
		F4CAA69F2AB37DA200739474 /* MyShoppingList.app */ = {isa = PBXFileReference; explicitFileType = wrapper.application; includeInIndex = 0; path = MyShoppingList.app; sourceTree = BUILT_PRODUCTS_DIR; };
		F4CAA6A22AB37DA200739474 /* AppDelegate.swift */ = {isa = PBXFileReference; lastKnownFileType = sourcecode.swift; path = AppDelegate.swift; sourceTree = "<group>"; };
		F4CAA6A42AB37DA200739474 /* SceneDelegate.swift */ = {isa = PBXFileReference; lastKnownFileType = sourcecode.swift; path = SceneDelegate.swift; sourceTree = "<group>"; };
		F4CAA6A62AB37DA200739474 /* SearchViewController.swift */ = {isa = PBXFileReference; lastKnownFileType = sourcecode.swift; path = SearchViewController.swift; sourceTree = "<group>"; };
		F4CAA6AB2AB37DA200739474 /* Assets.xcassets */ = {isa = PBXFileReference; lastKnownFileType = folder.assetcatalog; path = Assets.xcassets; sourceTree = "<group>"; };
		F4CAA6AE2AB37DA200739474 /* Base */ = {isa = PBXFileReference; lastKnownFileType = file.storyboard; name = Base; path = Base.lproj/LaunchScreen.storyboard; sourceTree = "<group>"; };
		F4CAA6B02AB37DA200739474 /* Info.plist */ = {isa = PBXFileReference; lastKnownFileType = text.plist.xml; path = Info.plist; sourceTree = "<group>"; };
		F4CAA6C12AB37E8C00739474 /* .gitignore */ = {isa = PBXFileReference; lastKnownFileType = text; path = .gitignore; sourceTree = "<group>"; };
		F4CAA6C32AB37EA600739474 /* APIKey.swift */ = {isa = PBXFileReference; lastKnownFileType = sourcecode.swift; path = APIKey.swift; sourceTree = "<group>"; };
		F4CAA6C82AB37EF400739474 /* BaseViewController.swift */ = {isa = PBXFileReference; lastKnownFileType = sourcecode.swift; path = BaseViewController.swift; sourceTree = "<group>"; };
		F4CAA6CB2AB37F6700739474 /* BaseView.swift */ = {isa = PBXFileReference; lastKnownFileType = sourcecode.swift; path = BaseView.swift; sourceTree = "<group>"; };
		F4CAA6CD2AB37FA600739474 /* ButtonsView.swift */ = {isa = PBXFileReference; lastKnownFileType = sourcecode.swift; path = ButtonsView.swift; sourceTree = "<group>"; };
		F4CAA6CF2AB37FE200739474 /* SortButton.swift */ = {isa = PBXFileReference; lastKnownFileType = sourcecode.swift; path = SortButton.swift; sourceTree = "<group>"; };
		F4CAA6D12AB3806400739474 /* DisplayItemCollectionViewCell.swift */ = {isa = PBXFileReference; lastKnownFileType = sourcecode.swift; path = DisplayItemCollectionViewCell.swift; sourceTree = "<group>"; };
		F4CAA6D32AB380E100739474 /* LikeViewController.swift */ = {isa = PBXFileReference; lastKnownFileType = sourcecode.swift; path = LikeViewController.swift; sourceTree = "<group>"; };
		F4CAA6D72AB381AA00739474 /* SortEnum.swift */ = {isa = PBXFileReference; lastKnownFileType = sourcecode.swift; path = SortEnum.swift; sourceTree = "<group>"; };
		F4CAA6D92AB382B700739474 /* NetworkManager.swift */ = {isa = PBXFileReference; lastKnownFileType = sourcecode.swift; path = NetworkManager.swift; sourceTree = "<group>"; };
		F4CAA6DB2AB382FB00739474 /* ItemListCodable.swift */ = {isa = PBXFileReference; lastKnownFileType = sourcecode.swift; path = ItemListCodable.swift; sourceTree = "<group>"; };
		F4CAA6DD2AB3843E00739474 /* htmlEscape+Extension.swift */ = {isa = PBXFileReference; lastKnownFileType = sourcecode.swift; path = "htmlEscape+Extension.swift"; sourceTree = "<group>"; };
		F4CAA6DF2AB3867700739474 /* DetailViewController.swift */ = {isa = PBXFileReference; lastKnownFileType = sourcecode.swift; path = DetailViewController.swift; sourceTree = "<group>"; };
		F4CAA6E22AB3893100739474 /* LikedItem.swift */ = {isa = PBXFileReference; lastKnownFileType = sourcecode.swift; path = LikedItem.swift; sourceTree = "<group>"; };
		F4CAA6E42AB38AC100739474 /* FileManager+Extension.swift */ = {isa = PBXFileReference; lastKnownFileType = sourcecode.swift; path = "FileManager+Extension.swift"; sourceTree = "<group>"; };
/* End PBXFileReference section */

/* Begin PBXFrameworksBuildPhase section */
		F4CAA69C2AB37DA200739474 /* Frameworks */ = {
			isa = PBXFrameworksBuildPhase;
			buildActionMask = 2147483647;
			files = (
				F4CAA6C02AB37E0800739474 /* RealmSwift in Frameworks */,
				F4CAA6BE2AB37E0800739474 /* Realm in Frameworks */,
				F4CAA6B82AB37DD300739474 /* SnapKit in Frameworks */,
				F4CAA6BB2AB37DDA00739474 /* Alamofire in Frameworks */,
			);
			runOnlyForDeploymentPostprocessing = 0;
		};
/* End PBXFrameworksBuildPhase section */

/* Begin PBXGroup section */
		F4CAA6962AB37DA200739474 = {
			isa = PBXGroup;
			children = (
				F4CAA6A12AB37DA200739474 /* MyNaverShopping */,
				F4CAA6A02AB37DA200739474 /* Products */,
			);
			sourceTree = "<group>";
		};
		F4CAA6A02AB37DA200739474 /* Products */ = {
			isa = PBXGroup;
			children = (
				F4CAA69F2AB37DA200739474 /* MyShoppingList.app */,
			);
			name = Products;
			sourceTree = "<group>";
		};
		F4CAA6A12AB37DA200739474 /* MyNaverShopping */ = {
			isa = PBXGroup;
			children = (
				F4CAA6E12AB3891700739474 /* Realm */,
				F4CAA6D62AB381A000739474 /* Swift */,
				F4CAA6CA2AB37F2E00739474 /* Scene */,
				F4CAA6C62AB37EDE00739474 /* CustomView */,
				F4CAA6C52AB37EBD00739474 /* Network */,
				F4CAA6A22AB37DA200739474 /* AppDelegate.swift */,
				F4CAA6A42AB37DA200739474 /* SceneDelegate.swift */,
				F4CAA6C12AB37E8C00739474 /* .gitignore */,
				F4CAA6AB2AB37DA200739474 /* Assets.xcassets */,
				F4CAA6AD2AB37DA200739474 /* LaunchScreen.storyboard */,
				F4CAA6B02AB37DA200739474 /* Info.plist */,
			);
			name = MyNaverShopping;
			path = MyShoppingList;
			sourceTree = "<group>";
		};
		F4CAA6C52AB37EBD00739474 /* Network */ = {
			isa = PBXGroup;
			children = (
				F4CAA6C32AB37EA600739474 /* APIKey.swift */,
				F4CAA6D92AB382B700739474 /* NetworkManager.swift */,
				F4CAA6DB2AB382FB00739474 /* ItemListCodable.swift */,
			);
			path = Network;
			sourceTree = "<group>";
		};
		F4CAA6C62AB37EDE00739474 /* CustomView */ = {
			isa = PBXGroup;
			children = (
				F4CAA6C72AB37EEB00739474 /* Base */,
				F4CAA6CD2AB37FA600739474 /* ButtonsView.swift */,
				F4CAA6CF2AB37FE200739474 /* SortButton.swift */,
			);
			path = CustomView;
			sourceTree = "<group>";
		};
		F4CAA6C72AB37EEB00739474 /* Base */ = {
			isa = PBXGroup;
			children = (
				F4CAA6C82AB37EF400739474 /* BaseViewController.swift */,
				F4CAA6CB2AB37F6700739474 /* BaseView.swift */,
			);
			path = Base;
			sourceTree = "<group>";
		};
		F4CAA6CA2AB37F2E00739474 /* Scene */ = {
			isa = PBXGroup;
			children = (
				F4CAA6A62AB37DA200739474 /* SearchViewController.swift */,
				F4CAA6D12AB3806400739474 /* DisplayItemCollectionViewCell.swift */,
				F4CAA6D32AB380E100739474 /* LikeViewController.swift */,
				F4CAA6DF2AB3867700739474 /* DetailViewController.swift */,
			);
			path = Scene;
			sourceTree = "<group>";
		};
		F4CAA6D62AB381A000739474 /* Swift */ = {
			isa = PBXGroup;
			children = (
				F4CAA6D72AB381AA00739474 /* SortEnum.swift */,
				F4CAA6DD2AB3843E00739474 /* htmlEscape+Extension.swift */,
				F4CAA6E42AB38AC100739474 /* FileManager+Extension.swift */,
				F45F3A572AB5BDEA00EB8AFA /* PresentEnum.swift */,
			);
			path = Swift;
			sourceTree = "<group>";
		};
		F4CAA6E12AB3891700739474 /* Realm */ = {
			isa = PBXGroup;
			children = (
				F4CAA6E22AB3893100739474 /* LikedItem.swift */,
			);
			path = Realm;
			sourceTree = "<group>";
		};
/* End PBXGroup section */

/* Begin PBXNativeTarget section */
		F4CAA69E2AB37DA200739474 /* MyShoppingList */ = {
			isa = PBXNativeTarget;
			buildConfigurationList = F4CAA6B32AB37DA200739474 /* Build configuration list for PBXNativeTarget "MyShoppingList" */;
			buildPhases = (
				F4CAA69B2AB37DA200739474 /* Sources */,
				F4CAA69C2AB37DA200739474 /* Frameworks */,
				F4CAA69D2AB37DA200739474 /* Resources */,
			);
			buildRules = (
			);
			dependencies = (
			);
			name = MyShoppingList;
			packageProductDependencies = (
				F4CAA6B72AB37DD300739474 /* SnapKit */,
				F4CAA6BA2AB37DDA00739474 /* Alamofire */,
				F4CAA6BD2AB37E0800739474 /* Realm */,
				F4CAA6BF2AB37E0800739474 /* RealmSwift */,
			);
			productName = MyNaverShopping;
			productReference = F4CAA69F2AB37DA200739474 /* MyShoppingList.app */;
			productType = "com.apple.product-type.application";
		};
/* End PBXNativeTarget section */

/* Begin PBXProject section */
		F4CAA6972AB37DA200739474 /* Project object */ = {
			isa = PBXProject;
			attributes = {
				BuildIndependentTargetsInParallel = 1;
				LastSwiftUpdateCheck = 1430;
				LastUpgradeCheck = 1430;
				TargetAttributes = {
					F4CAA69E2AB37DA200739474 = {
						CreatedOnToolsVersion = 14.3.1;
					};
				};
			};
			buildConfigurationList = F4CAA69A2AB37DA200739474 /* Build configuration list for PBXProject "MyShoppingList" */;
			compatibilityVersion = "Xcode 14.0";
			developmentRegion = en;
			hasScannedForEncodings = 0;
			knownRegions = (
				en,
				Base,
			);
			mainGroup = F4CAA6962AB37DA200739474;
			packageReferences = (
				F4CAA6B62AB37DD300739474 /* XCRemoteSwiftPackageReference "SnapKit" */,
				F4CAA6B92AB37DDA00739474 /* XCRemoteSwiftPackageReference "Alamofire" */,
				F4CAA6BC2AB37E0800739474 /* XCRemoteSwiftPackageReference "realm-swift" */,
			);
			productRefGroup = F4CAA6A02AB37DA200739474 /* Products */;
			projectDirPath = "";
			projectRoot = "";
			targets = (
				F4CAA69E2AB37DA200739474 /* MyShoppingList */,
			);
		};
/* End PBXProject section */

/* Begin PBXResourcesBuildPhase section */
		F4CAA69D2AB37DA200739474 /* Resources */ = {
			isa = PBXResourcesBuildPhase;
			buildActionMask = 2147483647;
			files = (
				F4CAA6AF2AB37DA200739474 /* LaunchScreen.storyboard in Resources */,
				F4CAA6C22AB37E8C00739474 /* .gitignore in Resources */,
				F4CAA6AC2AB37DA200739474 /* Assets.xcassets in Resources */,
			);
			runOnlyForDeploymentPostprocessing = 0;
		};
/* End PBXResourcesBuildPhase section */

/* Begin PBXSourcesBuildPhase section */
		F4CAA69B2AB37DA200739474 /* Sources */ = {
			isa = PBXSourcesBuildPhase;
			buildActionMask = 2147483647;
			files = (
				F45F3A582AB5BDEA00EB8AFA /* PresentEnum.swift in Sources */,
				F4CAA6E52AB38AC100739474 /* FileManager+Extension.swift in Sources */,
				F4CAA6DA2AB382B700739474 /* NetworkManager.swift in Sources */,
				F4CAA6DE2AB3843E00739474 /* htmlEscape+Extension.swift in Sources */,
				F4CAA6E32AB3893100739474 /* LikedItem.swift in Sources */,
				F4CAA6C92AB37EF400739474 /* BaseViewController.swift in Sources */,
				F4CAA6A72AB37DA200739474 /* SearchViewController.swift in Sources */,
				F4CAA6A32AB37DA200739474 /* AppDelegate.swift in Sources */,
				F4CAA6DC2AB382FB00739474 /* ItemListCodable.swift in Sources */,
				F4CAA6CC2AB37F6700739474 /* BaseView.swift in Sources */,
				F4CAA6CE2AB37FA600739474 /* ButtonsView.swift in Sources */,
				F4CAA6C42AB37EA600739474 /* APIKey.swift in Sources */,
				F4CAA6D82AB381AA00739474 /* SortEnum.swift in Sources */,
				F4CAA6D22AB3806400739474 /* DisplayItemCollectionViewCell.swift in Sources */,
				F4CAA6A52AB37DA200739474 /* SceneDelegate.swift in Sources */,
				F4CAA6E02AB3867700739474 /* DetailViewController.swift in Sources */,
				F4CAA6D02AB37FE200739474 /* SortButton.swift in Sources */,
				F4CAA6D42AB380E100739474 /* LikeViewController.swift in Sources */,
			);
			runOnlyForDeploymentPostprocessing = 0;
		};
/* End PBXSourcesBuildPhase section */

/* Begin PBXVariantGroup section */
		F4CAA6AD2AB37DA200739474 /* LaunchScreen.storyboard */ = {
			isa = PBXVariantGroup;
			children = (
				F4CAA6AE2AB37DA200739474 /* Base */,
			);
			name = LaunchScreen.storyboard;
			sourceTree = "<group>";
		};
/* End PBXVariantGroup section */

/* Begin XCBuildConfiguration section */
		F4CAA6B12AB37DA200739474 /* Debug */ = {
			isa = XCBuildConfiguration;
			buildSettings = {
				ALWAYS_SEARCH_USER_PATHS = NO;
				CLANG_ANALYZER_NONNULL = YES;
				CLANG_ANALYZER_NUMBER_OBJECT_CONVERSION = YES_AGGRESSIVE;
				CLANG_CXX_LANGUAGE_STANDARD = "gnu++20";
				CLANG_ENABLE_MODULES = YES;
				CLANG_ENABLE_OBJC_ARC = YES;
				CLANG_ENABLE_OBJC_WEAK = YES;
				CLANG_WARN_BLOCK_CAPTURE_AUTORELEASING = YES;
				CLANG_WARN_BOOL_CONVERSION = YES;
				CLANG_WARN_COMMA = YES;
				CLANG_WARN_CONSTANT_CONVERSION = YES;
				CLANG_WARN_DEPRECATED_OBJC_IMPLEMENTATIONS = YES;
				CLANG_WARN_DIRECT_OBJC_ISA_USAGE = YES_ERROR;
				CLANG_WARN_DOCUMENTATION_COMMENTS = YES;
				CLANG_WARN_EMPTY_BODY = YES;
				CLANG_WARN_ENUM_CONVERSION = YES;
				CLANG_WARN_INFINITE_RECURSION = YES;
				CLANG_WARN_INT_CONVERSION = YES;
				CLANG_WARN_NON_LITERAL_NULL_CONVERSION = YES;
				CLANG_WARN_OBJC_IMPLICIT_RETAIN_SELF = YES;
				CLANG_WARN_OBJC_LITERAL_CONVERSION = YES;
				CLANG_WARN_OBJC_ROOT_CLASS = YES_ERROR;
				CLANG_WARN_QUOTED_INCLUDE_IN_FRAMEWORK_HEADER = YES;
				CLANG_WARN_RANGE_LOOP_ANALYSIS = YES;
				CLANG_WARN_STRICT_PROTOTYPES = YES;
				CLANG_WARN_SUSPICIOUS_MOVE = YES;
				CLANG_WARN_UNGUARDED_AVAILABILITY = YES_AGGRESSIVE;
				CLANG_WARN_UNREACHABLE_CODE = YES;
				CLANG_WARN__DUPLICATE_METHOD_MATCH = YES;
				COPY_PHASE_STRIP = NO;
				DEBUG_INFORMATION_FORMAT = dwarf;
				ENABLE_STRICT_OBJC_MSGSEND = YES;
				ENABLE_TESTABILITY = YES;
				GCC_C_LANGUAGE_STANDARD = gnu11;
				GCC_DYNAMIC_NO_PIC = NO;
				GCC_NO_COMMON_BLOCKS = YES;
				GCC_OPTIMIZATION_LEVEL = 0;
				GCC_PREPROCESSOR_DEFINITIONS = (
					"DEBUG=1",
					"$(inherited)",
				);
				GCC_WARN_64_TO_32_BIT_CONVERSION = YES;
				GCC_WARN_ABOUT_RETURN_TYPE = YES_ERROR;
				GCC_WARN_UNDECLARED_SELECTOR = YES;
				GCC_WARN_UNINITIALIZED_AUTOS = YES_AGGRESSIVE;
				GCC_WARN_UNUSED_FUNCTION = YES;
				GCC_WARN_UNUSED_VARIABLE = YES;
				IPHONEOS_DEPLOYMENT_TARGET = 16.4;
				MTL_ENABLE_DEBUG_INFO = INCLUDE_SOURCE;
				MTL_FAST_MATH = YES;
				ONLY_ACTIVE_ARCH = YES;
				SDKROOT = iphoneos;
				SWIFT_ACTIVE_COMPILATION_CONDITIONS = DEBUG;
				SWIFT_OPTIMIZATION_LEVEL = "-Onone";
			};
			name = Debug;
		};
		F4CAA6B22AB37DA200739474 /* Release */ = {
			isa = XCBuildConfiguration;
			buildSettings = {
				ALWAYS_SEARCH_USER_PATHS = NO;
				CLANG_ANALYZER_NONNULL = YES;
				CLANG_ANALYZER_NUMBER_OBJECT_CONVERSION = YES_AGGRESSIVE;
				CLANG_CXX_LANGUAGE_STANDARD = "gnu++20";
				CLANG_ENABLE_MODULES = YES;
				CLANG_ENABLE_OBJC_ARC = YES;
				CLANG_ENABLE_OBJC_WEAK = YES;
				CLANG_WARN_BLOCK_CAPTURE_AUTORELEASING = YES;
				CLANG_WARN_BOOL_CONVERSION = YES;
				CLANG_WARN_COMMA = YES;
				CLANG_WARN_CONSTANT_CONVERSION = YES;
				CLANG_WARN_DEPRECATED_OBJC_IMPLEMENTATIONS = YES;
				CLANG_WARN_DIRECT_OBJC_ISA_USAGE = YES_ERROR;
				CLANG_WARN_DOCUMENTATION_COMMENTS = YES;
				CLANG_WARN_EMPTY_BODY = YES;
				CLANG_WARN_ENUM_CONVERSION = YES;
				CLANG_WARN_INFINITE_RECURSION = YES;
				CLANG_WARN_INT_CONVERSION = YES;
				CLANG_WARN_NON_LITERAL_NULL_CONVERSION = YES;
				CLANG_WARN_OBJC_IMPLICIT_RETAIN_SELF = YES;
				CLANG_WARN_OBJC_LITERAL_CONVERSION = YES;
				CLANG_WARN_OBJC_ROOT_CLASS = YES_ERROR;
				CLANG_WARN_QUOTED_INCLUDE_IN_FRAMEWORK_HEADER = YES;
				CLANG_WARN_RANGE_LOOP_ANALYSIS = YES;
				CLANG_WARN_STRICT_PROTOTYPES = YES;
				CLANG_WARN_SUSPICIOUS_MOVE = YES;
				CLANG_WARN_UNGUARDED_AVAILABILITY = YES_AGGRESSIVE;
				CLANG_WARN_UNREACHABLE_CODE = YES;
				CLANG_WARN__DUPLICATE_METHOD_MATCH = YES;
				COPY_PHASE_STRIP = NO;
				DEBUG_INFORMATION_FORMAT = "dwarf-with-dsym";
				ENABLE_NS_ASSERTIONS = NO;
				ENABLE_STRICT_OBJC_MSGSEND = YES;
				GCC_C_LANGUAGE_STANDARD = gnu11;
				GCC_NO_COMMON_BLOCKS = YES;
				GCC_WARN_64_TO_32_BIT_CONVERSION = YES;
				GCC_WARN_ABOUT_RETURN_TYPE = YES_ERROR;
				GCC_WARN_UNDECLARED_SELECTOR = YES;
				GCC_WARN_UNINITIALIZED_AUTOS = YES_AGGRESSIVE;
				GCC_WARN_UNUSED_FUNCTION = YES;
				GCC_WARN_UNUSED_VARIABLE = YES;
				IPHONEOS_DEPLOYMENT_TARGET = 16.4;
				MTL_ENABLE_DEBUG_INFO = NO;
				MTL_FAST_MATH = YES;
				SDKROOT = iphoneos;
				SWIFT_COMPILATION_MODE = wholemodule;
				SWIFT_OPTIMIZATION_LEVEL = "-O";
				VALIDATE_PRODUCT = YES;
			};
			name = Release;
		};
		F4CAA6B42AB37DA200739474 /* Debug */ = {
			isa = XCBuildConfiguration;
			buildSettings = {
				ASSETCATALOG_COMPILER_APPICON_NAME = AppIcon;
				ASSETCATALOG_COMPILER_GLOBAL_ACCENT_COLOR_NAME = AccentColor;
				CODE_SIGN_STYLE = Automatic;
				CURRENT_PROJECT_VERSION = 1;
				DEVELOPMENT_TEAM = N54L2GS5Z3;
				GENERATE_INFOPLIST_FILE = YES;
				INFOPLIST_FILE = MyNaverShopping/Info.plist;
				INFOPLIST_KEY_CFBundleDisplayName = "이은서";
				INFOPLIST_KEY_UIApplicationSupportsIndirectInputEvents = YES;
				INFOPLIST_KEY_UILaunchStoryboardName = LaunchScreen;
				INFOPLIST_KEY_UISupportedInterfaceOrientations = UIInterfaceOrientationPortrait;
				INFOPLIST_KEY_UISupportedInterfaceOrientations_iPad = "UIInterfaceOrientationLandscapeLeft UIInterfaceOrientationLandscapeRight UIInterfaceOrientationPortrait UIInterfaceOrientationPortraitUpsideDown";
				IPHONEOS_DEPLOYMENT_TARGET = 13.0;
				LD_RUNPATH_SEARCH_PATHS = (
					"$(inherited)",
					"@executable_path/Frameworks",
				);
				MARKETING_VERSION = 1.0;
				PRODUCT_BUNDLE_IDENTIFIER = eunseo.MyNaverShopping;
				PRODUCT_NAME = "$(TARGET_NAME)";
				SUPPORTED_PLATFORMS = "iphoneos iphonesimulator";
				SUPPORTS_MACCATALYST = NO;
				SUPPORTS_MAC_DESIGNED_FOR_IPHONE_IPAD = NO;
				SWIFT_EMIT_LOC_STRINGS = YES;
				SWIFT_VERSION = 5.0;
				TARGETED_DEVICE_FAMILY = 1;
			};
			name = Debug;
		};
		F4CAA6B52AB37DA200739474 /* Release */ = {
			isa = XCBuildConfiguration;
			buildSettings = {
				ASSETCATALOG_COMPILER_APPICON_NAME = AppIcon;
				ASSETCATALOG_COMPILER_GLOBAL_ACCENT_COLOR_NAME = AccentColor;
				CODE_SIGN_STYLE = Automatic;
				CURRENT_PROJECT_VERSION = 1;
				DEVELOPMENT_TEAM = N54L2GS5Z3;
				GENERATE_INFOPLIST_FILE = YES;
				INFOPLIST_FILE = MyNaverShopping/Info.plist;
				INFOPLIST_KEY_CFBundleDisplayName = "이은서";
				INFOPLIST_KEY_UIApplicationSupportsIndirectInputEvents = YES;
				INFOPLIST_KEY_UILaunchStoryboardName = LaunchScreen;
				INFOPLIST_KEY_UISupportedInterfaceOrientations = UIInterfaceOrientationPortrait;
				INFOPLIST_KEY_UISupportedInterfaceOrientations_iPad = "UIInterfaceOrientationLandscapeLeft UIInterfaceOrientationLandscapeRight UIInterfaceOrientationPortrait UIInterfaceOrientationPortraitUpsideDown";
				IPHONEOS_DEPLOYMENT_TARGET = 13.0;
				LD_RUNPATH_SEARCH_PATHS = (
					"$(inherited)",
					"@executable_path/Frameworks",
				);
				MARKETING_VERSION = 1.0;
				PRODUCT_BUNDLE_IDENTIFIER = eunseo.MyNaverShopping;
				PRODUCT_NAME = "$(TARGET_NAME)";
				SUPPORTED_PLATFORMS = "iphoneos iphonesimulator";
				SUPPORTS_MACCATALYST = NO;
				SUPPORTS_MAC_DESIGNED_FOR_IPHONE_IPAD = NO;
				SWIFT_EMIT_LOC_STRINGS = YES;
				SWIFT_VERSION = 5.0;
				TARGETED_DEVICE_FAMILY = 1;
			};
			name = Release;
		};
/* End XCBuildConfiguration section */

/* Begin XCConfigurationList section */
		F4CAA69A2AB37DA200739474 /* Build configuration list for PBXProject "MyShoppingList" */ = {
			isa = XCConfigurationList;
			buildConfigurations = (
				F4CAA6B12AB37DA200739474 /* Debug */,
				F4CAA6B22AB37DA200739474 /* Release */,
			);
			defaultConfigurationIsVisible = 0;
			defaultConfigurationName = Release;
		};
		F4CAA6B32AB37DA200739474 /* Build configuration list for PBXNativeTarget "MyShoppingList" */ = {
			isa = XCConfigurationList;
			buildConfigurations = (
				F4CAA6B42AB37DA200739474 /* Debug */,
				F4CAA6B52AB37DA200739474 /* Release */,
			);
			defaultConfigurationIsVisible = 0;
			defaultConfigurationName = Release;
		};
/* End XCConfigurationList section */

/* Begin XCRemoteSwiftPackageReference section */
		F4CAA6B62AB37DD300739474 /* XCRemoteSwiftPackageReference "SnapKit" */ = {
			isa = XCRemoteSwiftPackageReference;
			repositoryURL = "https://github.com/SnapKit/SnapKit.git";
			requirement = {
				kind = upToNextMajorVersion;
				minimumVersion = 5.0.0;
			};
		};
		F4CAA6B92AB37DDA00739474 /* XCRemoteSwiftPackageReference "Alamofire" */ = {
			isa = XCRemoteSwiftPackageReference;
			repositoryURL = "https://github.com/Alamofire/Alamofire.git";
			requirement = {
				kind = upToNextMajorVersion;
				minimumVersion = 5.0.0;
			};
		};
		F4CAA6BC2AB37E0800739474 /* XCRemoteSwiftPackageReference "realm-swift" */ = {
			isa = XCRemoteSwiftPackageReference;
			repositoryURL = "https://github.com/realm/realm-swift.git";
			requirement = {
				kind = upToNextMajorVersion;
				minimumVersion = 10.42.0;
			};
		};
/* End XCRemoteSwiftPackageReference section */

/* Begin XCSwiftPackageProductDependency section */
		F4CAA6B72AB37DD300739474 /* SnapKit */ = {
			isa = XCSwiftPackageProductDependency;
			package = F4CAA6B62AB37DD300739474 /* XCRemoteSwiftPackageReference "SnapKit" */;
			productName = SnapKit;
		};
		F4CAA6BA2AB37DDA00739474 /* Alamofire */ = {
			isa = XCSwiftPackageProductDependency;
			package = F4CAA6B92AB37DDA00739474 /* XCRemoteSwiftPackageReference "Alamofire" */;
			productName = Alamofire;
		};
		F4CAA6BD2AB37E0800739474 /* Realm */ = {
			isa = XCSwiftPackageProductDependency;
			package = F4CAA6BC2AB37E0800739474 /* XCRemoteSwiftPackageReference "realm-swift" */;
			productName = Realm;
		};
		F4CAA6BF2AB37E0800739474 /* RealmSwift */ = {
			isa = XCSwiftPackageProductDependency;
			package = F4CAA6BC2AB37E0800739474 /* XCRemoteSwiftPackageReference "realm-swift" */;
			productName = RealmSwift;
		};
/* End XCSwiftPackageProductDependency section */
	};
	rootObject = F4CAA6972AB37DA200739474 /* Project object */;
}
